
Microsoft Visual Studio Solution File, Format Version 12.00
# Visual Studio Version 17
VisualStudioVersion = 17.0.31903.59
MinimumVisualStudioVersion = 10.0.40219.1
Project("{2150E333-8FDC-42A3-9474-1A3956D46DE8}") = "src", "src", "{994D24D0-3CF5-4CD1-BA81-D40AE41FC15A}"
EndProject
Project("{FAE04EC0-301F-11D3-BF4B-00C04F79EFBC}") = "CodeKb.Contracts", "src\CodeKb.Contracts\CodeKb.Contracts.csproj", "{898F076D-1F08-41C9-B9A8-6954494007DA}"
EndProject
Project("{FAE04EC0-301F-11D3-BF4B-00C04F79EFBC}") = "CodeKb.Storage.Postgres", "src\CodeKb.Storage.Postgres\CodeKb.Storage.Postgres.csproj", "{8FA9C8D5-3B05-4966-849C-548C9F0A2709}"
EndProject
Project("{FAE04EC0-301F-11D3-BF4B-00C04F79EFBC}") = "CodeKb.Embedding", "src\CodeKb.Embedding\CodeKb.Embedding.csproj", "{144847A1-F10A-4B5B-9840-937B15D8B4EB}"
EndProject
Project("{FAE04EC0-301F-11D3-BF4B-00C04F79EFBC}") = "CodeKb.Scanner.Roslyn", "src\CodeKb.Scanner.Roslyn\CodeKb.Scanner.Roslyn.csproj", "{3A1A890F-E0EC-4AA6-B295-D8A09FF1BBFB}"
EndProject
Project("{FAE04EC0-301F-11D3-BF4B-00C04F79EFBC}") = "CodeKb.Core", "src\CodeKb.Core\CodeKb.Core.csproj", "{A9DDAA5F-6049-415A-BE7E-073C4D0133B0}"
EndProject
Project("{FAE04EC0-301F-11D3-BF4B-00C04F79EFBC}") = "CodeKb.Cli", "src\CodeKb.Cli\CodeKb.Cli.csproj", "{6B8982B4-50C4-4081-8D87-47F92505C342}"
EndProject
Project("{2150E333-8FDC-42A3-9474-1A3956D46DE8}") = "tests", "tests", "{FA29179E-11EB-4C88-99C9-9546B8691949}"
EndProject
Project("{FAE04EC0-301F-11D3-BF4B-00C04F79EFBC}") = "CodeKb.Contracts.Tests", "tests\CodeKb.Contracts.Tests\CodeKb.Contracts.Tests.csproj", "{6F61052D-FAB5-42DD-A9A3-A8CFE7BED92B}"
EndProject
Project("{FAE04EC0-301F-11D3-BF4B-00C04F79EFBC}") = "CodeKb.Scanner.Tests", "tests\CodeKb.Scanner.Tests\CodeKb.Scanner.Tests.csproj", "{8EE5A742-7B44-4B81-985D-42FD9444480E}"
EndProject
Project("{FAE04EC0-301F-11D3-BF4B-00C04F79EFBC}") = "CodeKb.Embedding.Tests", "tests\CodeKb.Embedding.Tests\CodeKb.Embedding.Tests.csproj", "{C96D2728-1952-4EAE-A305-EF9EC124C445}"
EndProject
Project("{FAE04EC0-301F-11D3-BF4B-00C04F79EFBC}") = "CodeKb.Storage.Tests", "tests\CodeKb.Storage.Tests\CodeKb.Storage.Tests.csproj", "{19D7890E-8552-4AAA-B1E8-56CACF8C0075}"
EndProject
Project("{FAE04EC0-301F-11D3-BF4B-00C04F79EFBC}") = "CodeKb.Core.Tests", "tests\CodeKb.Core.Tests\CodeKb.Core.Tests.csproj", "{63B74116-C2ED-47E8-A68B-3B4F444BB735}"
EndProject
Project("{FAE04EC0-301F-11D3-BF4B-00C04F79EFBC}") = "CodeKb.Cli.Tests", "tests\CodeKb.Cli.Tests\CodeKb.Cli.Tests.csproj", "{B746E14B-ECE7-4295-A29A-FE18385AEA19}"
EndProject
Global
	GlobalSection(SolutionConfigurationPlatforms) = preSolution
		Debug|Any CPU = Debug|Any CPU
		Release|Any CPU = Release|Any CPU
	EndGlobalSection
	GlobalSection(SolutionProperties) = preSolution
		HideSolutionNode = FALSE
	EndGlobalSection
	GlobalSection(ProjectConfigurationPlatforms) = postSolution
		{898F076D-1F08-41C9-B9A8-6954494007DA}.Debug|Any CPU.ActiveCfg = Debug|Any CPU
		{898F076D-1F08-41C9-B9A8-6954494007DA}.Debug|Any CPU.Build.0 = Debug|Any CPU
		{898F076D-1F08-41C9-B9A8-6954494007DA}.Release|Any CPU.ActiveCfg = Release|Any CPU
		{898F076D-1F08-41C9-B9A8-6954494007DA}.Release|Any CPU.Build.0 = Release|Any CPU
		{8FA9C8D5-3B05-4966-849C-548C9F0A2709}.Debug|Any CPU.ActiveCfg = Debug|Any CPU
		{8FA9C8D5-3B05-4966-849C-548C9F0A2709}.Debug|Any CPU.Build.0 = Debug|Any CPU
		{8FA9C8D5-3B05-4966-849C-548C9F0A2709}.Release|Any CPU.ActiveCfg = Release|Any CPU
		{8FA9C8D5-3B05-4966-849C-548C9F0A2709}.Release|Any CPU.Build.0 = Release|Any CPU
		{144847A1-F10A-4B5B-9840-937B15D8B4EB}.Debug|Any CPU.ActiveCfg = Debug|Any CPU
		{144847A1-F10A-4B5B-9840-937B15D8B4EB}.Debug|Any CPU.Build.0 = Debug|Any CPU
		{144847A1-F10A-4B5B-9840-937B15D8B4EB}.Release|Any CPU.ActiveCfg = Release|Any CPU
		{144847A1-F10A-4B5B-9840-937B15D8B4EB}.Release|Any CPU.Build.0 = Release|Any CPU
		{3A1A890F-E0EC-4AA6-B295-D8A09FF1BBFB}.Debug|Any CPU.ActiveCfg = Debug|Any CPU
		{3A1A890F-E0EC-4AA6-B295-D8A09FF1BBFB}.Debug|Any CPU.Build.0 = Debug|Any CPU
		{3A1A890F-E0EC-4AA6-B295-D8A09FF1BBFB}.Release|Any CPU.ActiveCfg = Release|Any CPU
		{3A1A890F-E0EC-4AA6-B295-D8A09FF1BBFB}.Release|Any CPU.Build.0 = Release|Any CPU
		{A9DDAA5F-6049-415A-BE7E-073C4D0133B0}.Debug|Any CPU.ActiveCfg = Debug|Any CPU
		{A9DDAA5F-6049-415A-BE7E-073C4D0133B0}.Debug|Any CPU.Build.0 = Debug|Any CPU
		{A9DDAA5F-6049-415A-BE7E-073C4D0133B0}.Release|Any CPU.ActiveCfg = Release|Any CPU
		{A9DDAA5F-6049-415A-BE7E-073C4D0133B0}.Release|Any CPU.Build.0 = Release|Any CPU
		{6B8982B4-50C4-4081-8D87-47F92505C342}.Debug|Any CPU.ActiveCfg = Debug|Any CPU
		{6B8982B4-50C4-4081-8D87-47F92505C342}.Debug|Any CPU.Build.0 = Debug|Any CPU
		{6B8982B4-50C4-4081-8D87-47F92505C342}.Release|Any CPU.ActiveCfg = Release|Any CPU
		{6B8982B4-50C4-4081-8D87-47F92505C342}.Release|Any CPU.Build.0 = Release|Any CPU
		{6F61052D-FAB5-42DD-A9A3-A8CFE7BED92B}.Debug|Any CPU.ActiveCfg = Debug|Any CPU
		{6F61052D-FAB5-42DD-A9A3-A8CFE7BED92B}.Debug|Any CPU.Build.0 = Debug|Any CPU
		{6F61052D-FAB5-42DD-A9A3-A8CFE7BED92B}.Release|Any CPU.ActiveCfg = Release|Any CPU
		{6F61052D-FAB5-42DD-A9A3-A8CFE7BED92B}.Release|Any CPU.Build.0 = Release|Any CPU
		{8EE5A742-7B44-4B81-985D-42FD9444480E}.Debug|Any CPU.ActiveCfg = Debug|Any CPU
		{8EE5A742-7B44-4B81-985D-42FD9444480E}.Debug|Any CPU.Build.0 = Debug|Any CPU
		{8EE5A742-7B44-4B81-985D-42FD9444480E}.Release|Any CPU.ActiveCfg = Release|Any CPU
		{8EE5A742-7B44-4B81-985D-42FD9444480E}.Release|Any CPU.Build.0 = Release|Any CPU
		{C96D2728-1952-4EAE-A305-EF9EC124C445}.Debug|Any CPU.ActiveCfg = Debug|Any CPU
		{C96D2728-1952-4EAE-A305-EF9EC124C445}.Debug|Any CPU.Build.0 = Debug|Any CPU
		{C96D2728-1952-4EAE-A305-EF9EC124C445}.Release|Any CPU.ActiveCfg = Release|Any CPU
		{C96D2728-1952-4EAE-A305-EF9EC124C445}.Release|Any CPU.Build.0 = Release|Any CPU
		{19D7890E-8552-4AAA-B1E8-56CACF8C0075}.Debug|Any CPU.ActiveCfg = Debug|Any CPU
		{19D7890E-8552-4AAA-B1E8-56CACF8C0075}.Debug|Any CPU.Build.0 = Debug|Any CPU
		{19D7890E-8552-4AAA-B1E8-56CACF8C0075}.Release|Any CPU.ActiveCfg = Release|Any CPU
		{19D7890E-8552-4AAA-B1E8-56CACF8C0075}.Release|Any CPU.Build.0 = Release|Any CPU
		{63B74116-C2ED-47E8-A68B-3B4F444BB735}.Debug|Any CPU.ActiveCfg = Debug|Any CPU
		{63B74116-C2ED-47E8-A68B-3B4F444BB735}.Debug|Any CPU.Build.0 = Debug|Any CPU
		{63B74116-C2ED-47E8-A68B-3B4F444BB735}.Release|Any CPU.ActiveCfg = Release|Any CPU
		{63B74116-C2ED-47E8-A68B-3B4F444BB735}.Release|Any CPU.Build.0 = Release|Any CPU
		{B746E14B-ECE7-4295-A29A-FE18385AEA19}.Debug|Any CPU.ActiveCfg = Debug|Any CPU
		{B746E14B-ECE7-4295-A29A-FE18385AEA19}.Debug|Any CPU.Build.0 = Debug|Any CPU
		{B746E14B-ECE7-4295-A29A-FE18385AEA19}.Release|Any CPU.ActiveCfg = Release|Any CPU
		{B746E14B-ECE7-4295-A29A-FE18385AEA19}.Release|Any CPU.Build.0 = Release|Any CPU
	EndGlobalSection
	GlobalSection(NestedProjects) = preSolution
		{898F076D-1F08-41C9-B9A8-6954494007DA} = {994D24D0-3CF5-4CD1-BA81-D40AE41FC15A}
		{8FA9C8D5-3B05-4966-849C-548C9F0A2709} = {994D24D0-3CF5-4CD1-BA81-D40AE41FC15A}
		{144847A1-F10A-4B5B-9840-937B15D8B4EB} = {994D24D0-3CF5-4CD1-BA81-D40AE41FC15A}
		{3A1A890F-E0EC-4AA6-B295-D8A09FF1BBFB} = {994D24D0-3CF5-4CD1-BA81-D40AE41FC15A}
		{A9DDAA5F-6049-415A-BE7E-073C4D0133B0} = {994D24D0-3CF5-4CD1-BA81-D40AE41FC15A}
		{6B8982B4-50C4-4081-8D87-47F92505C342} = {994D24D0-3CF5-4CD1-BA81-D40AE41FC15A}
		{6F61052D-FAB5-42DD-A9A3-A8CFE7BED92B} = {FA29179E-11EB-4C88-99C9-9546B8691949}
		{8EE5A742-7B44-4B81-985D-42FD9444480E} = {FA29179E-11EB-4C88-99C9-9546B8691949}
		{C96D2728-1952-4EAE-A305-EF9EC124C445} = {FA29179E-11EB-4C88-99C9-9546B8691949}
		{19D7890E-8552-4AAA-B1E8-56CACF8C0075} = {FA29179E-11EB-4C88-99C9-9546B8691949}
		{63B74116-C2ED-47E8-A68B-3B4F444BB735} = {FA29179E-11EB-4C88-99C9-9546B8691949}
		{B746E14B-ECE7-4295-A29A-FE18385AEA19} = {FA29179E-11EB-4C88-99C9-9546B8691949}
	EndGlobalSection
EndGlobal
